{
    "_meta": {
        "hash": {
            "sha256": "fd28f5a05da375e711ca0d094fc3147d247c90bfbc0bc8e8d4388185e4fd650e"
        },
        "pipfile-spec": 6,
        "requires": {
            "python_version": "3.7"
        },
        "sources": [
            {
                "name": "pypi",
                "url": "https://pypi.org/simple",
                "verify_ssl": true
            }
        ]
    },
    "default": {
        "click": {
            "hashes": [
                "sha256:29f99fc6125fbc931b758dc053b3114e55c77a6e4c6c3a2674a2dc986016381d",
                "sha256:f15516df478d5a56180fbf80e68f206010e6d160fc39fa508b65e035fd75130b"
            ],
            "version": "==6.7"
        },
        "flask": {
            "hashes": [
                "sha256:2271c0070dbcb5275fad4a82e29f23ab92682dc45f9dfbc22c02ba9b9322ce48",
                "sha256:a080b744b7e345ccfcbc77954861cb05b3c63786e93f2b3875e0913d44b43f05"
            ],
            "index": "pypi",
            "version": "==1.0.2"
        },
        "flask-login": {
            "hashes": [
                "sha256:c815c1ac7b3e35e2081685e389a665f2c74d7e077cb93cecabaea352da4752ec"
            ],
            "index": "pypi",
            "version": "==0.4.1"
        },
        "flask-mongoengine": {
            "hashes": [
                "sha256:0f426aeafc4be2c37e9b4c0f8b5d02d012b7afc4b3b97a4119024684fe148fc1",
                "sha256:b6376b33cd1e624c09983a0884dc87303e54084f0e6b7f8df6794d56d35fa66f"
            ],
            "index": "pypi",
            "version": "==0.9.5"
        },
        "flask-wtf": {
            "hashes": [
                "sha256:5d14d55cfd35f613d99ee7cba0fc3fbbe63ba02f544d349158c14ca15561cc36",
                "sha256:d9a9e366b32dcbb98ef17228e76be15702cd2600675668bca23f63a7947fd5ac"
            ],
            "version": "==0.14.2"
        },
        "itsdangerous": {
            "hashes": [
                "sha256:cbb3fcf8d3e33df861709ecaf89d9e6629cff0a217bc2848f1b41cd30d360519"
            ],
            "version": "==0.24"
        },
        "jinja2": {
            "hashes": [
                "sha256:74c935a1b8bb9a3947c50a54766a969d4846290e1e788ea44c1392163723c3bd",
                "sha256:f84be1bb0040caca4cea721fcbbbbd61f9be9464ca236387158b0feea01914a4"
            ],
            "version": "==2.10"
        },
        "markupsafe": {
            "hashes": [
                "sha256:a6be69091dac236ea9c6bc7d012beab42010fa914c459791d627dad4910eb665"
            ],
            "version": "==1.0"
        },
        "mongoengine": {
            "hashes": [
                "sha256:1823c17d059779deb0c5e1f8a7fb02f797e676dd0af6275cd860dddca607beca",
                "sha256:2ecc60f50d9f85d4ae7e2e8bd1dc19778af65d2883d5ad6d658d77f1560059d3"
            ],
            "version": "==0.15.3"
        },
        "passlib": {
            "hashes": [
                "sha256:3d948f64138c25633613f303bcc471126eae67c04d5e3f6b7b8ce6242f8653e0",
                "sha256:43526aea08fa32c6b6dbbbe9963c4c767285b78147b7437597f992812f69d280"
            ],
            "index": "pypi",
            "version": "==1.7.1"
        },
        "pymongo": {
            "hashes": [
                "sha256:07105b57bb185db0631076e1d2bf005c442270d098e491ccfb4a98efa3f2c9cc",
                "sha256:13502d4e46905934c5b66331710bda1bee392bb6be024f77b0e37df59ff1e887",
                "sha256:2d099d66912983d2099c816c12d72adc15a703c3655af53eadefb5f2e39648fc",
                "sha256:31dd07b2bfeb083fb0c24da3b1fd1c807ddc30c3fc23e40c5624932a694d211d",
                "sha256:3223bbe13b723f9e5ede7d69535b6aee795ac802dfd881d6e2f29dce3432f5b0",
                "sha256:3c9c23d589d6fd5736fe4779377356c6e77826a5d56b25d8d90b372f682fe101",
                "sha256:5398ae1a5d7f0dd0cc4f28246f14abac7f5082c9d6fd0fa28f32881cd6d696ee",
                "sha256:5a3729466eb9d834b4e5f24a9a39108800b66b0a703da8f52eb69ff0583744c3",
                "sha256:5c41bd8be1643e7c99412f1d7cd061d1436288307ac398378c4ef6b868bf2798",
                "sha256:5ffffa7c4d595138e86a9c499ddb962edcbdcd80a3138a7b81a36947f1b815e6",
                "sha256:6cc73df41330be908c962dafceb1cd8d7155ccb3899c3708d0cf11ae31e7610b",
                "sha256:775443cebf95614165c5c9bb96fd0ceba8f8199379a843ecd5c71934bf897d83",
                "sha256:835a881111f2c403cfa9aa0a591257414e821efc89be607a8065c3fc23cf013a",
                "sha256:86beb4be0ffca122026637fe09edb69b6bb81c579c266fc5b671f2a4591bf4a6",
                "sha256:8e0b5366f08875e6dfd4acf587c49eb813e8149106701f40dcca3ccfb14c1f5d",
                "sha256:8ee9ba58e15a5f73adf0408364ad91f076a8690419e3268a5abbc4f901e45fa9",
                "sha256:9568d2b3f2e0bbfb5206a381203145f4055394b893ff4e074f6ea0480deee9c1",
                "sha256:97b989555b286dd8733cd44f3e6c3adc6a6d082a8b8b24c200ca943fe8b41d99",
                "sha256:9b7ae4ff7517960d311f577319ddac3c9fcf91fdf7c024a764e30b1578c0a9a5",
                "sha256:9fcf265d83d84d9b82f8537843bde02e4553321d53b06fe00767b9ebb76f63fd",
                "sha256:a0a21767c782afedf55d1261d92b95aa70428ee70ea8dde4bc746d51ac9b5e0e",
                "sha256:a273fa0dc2ddeaa525e73bbee7b980eb39ee016c7bee54661bb2f7d441b54692",
                "sha256:af82605e4d052c9d4aa2aff473eea0c8a10afdf2a1098f23793298e9072724e6",
                "sha256:b37369901832ef5a66e236c031ba75a1de27e9316c4d5b8157e236b513f1f50c",
                "sha256:c59d1e9a7590f79afc18f6445a38233231de7321b95bf5a50f0caa82af5db19f",
                "sha256:c80d29b576779d8fa715fa2cacce496712ca4928e14db99c08577eb9463ef24e",
                "sha256:d359349c6c9ff9f482805f89e66e476846317dc7b1eea979d7da9c0857ee2721",
                "sha256:d35d430c02149a1be51e04232e4c3430b56e093a7f8537bc062dfbc1d16c59ba",
                "sha256:deb09ff6837e7d701e5896422bf6f3934092ead977fd68616dccab5aa43ba089",
                "sha256:e10e103c5631958e0f29c560bd446e4332948a364912227bc30f421ed1d6ab99",
                "sha256:ed4120c40a17d1b9e1620b2b64a748333882fe7ab8d117bcb55768f6fd3343b1",
                "sha256:f6bed3a53bdaba9b5cdcd7e83749b1c91918736643e90593751abb3df7144b8c"
            ],
            "index": "pypi",
            "version": "==3.4.0"
        },
        "python-dotenv": {
            "hashes": [
                "sha256:122290a38ece9fe4f162dc7c95cae3357b983505830a154d3c98ef7f6c6cea77",
                "sha256:4a205787bc829233de2a823aa328e44fd9996fedb954989a21f1fc67c13d7a77"
            ],
            "index": "pypi",
            "version": "==0.9.1"
        },
        "six": {
            "hashes": [
                "sha256:70e8a77beed4562e7f14fe23a786b54f6296e34344c23bc42f07b15018ff98e9",
                "sha256:832dc0e10feb1aa2c68dcc57dbb658f1c7e65b9b61af69048abc87a2db00a0eb"
            ],
            "version": "==1.11.0"
        },
        "werkzeug": {
            "hashes": [
                "sha256:c3fd7a7d41976d9f44db327260e263132466836cef6f91512889ed60ad26557c",
                "sha256:d5da73735293558eb1651ee2fddc4d0dedcfa06538b8813a2e20011583c9e49b"
            ],
            "version": "==0.14.1"
        },
        "wtforms": {
            "hashes": [
                "sha256:0cdbac3e7f6878086c334aa25dc5a33869a3954e9d1e015130d65a69309b3b61",
                "sha256:e3ee092c827582c50877cdbd49e9ce6d2c5c1f6561f849b3b068c1b8029626f1"
            ],
            "version": "==2.2.1"
        }
    },
    "develop": {}
}
